// !$*UTF8*$!
{
	archiveVersion = 1;
	classes = {
	};
	objectVersion = 48;
	objects = {

/* Begin PBXBuildFile section */
		DADE2D08205B32E9009E94E7 /* AppDelegate.swift in Sources */ = {isa = PBXBuildFile; fileRef = DADE2D07205B32E9009E94E7 /* AppDelegate.swift */; };
		DADE2D0A205B32E9009E94E7 /* ViewController.swift in Sources */ = {isa = PBXBuildFile; fileRef = DADE2D09205B32E9009E94E7 /* ViewController.swift */; };
		DADE2D0D205B32E9009E94E7 /* Main.storyboard in Resources */ = {isa = PBXBuildFile; fileRef = DADE2D0B205B32E9009E94E7 /* Main.storyboard */; };
		DADE2D10205B32E9009E94E7 /* SimpleManchkinCounter.xcdatamodeld in Sources */ = {isa = PBXBuildFile; fileRef = DADE2D0E205B32E9009E94E7 /* SimpleManchkinCounter.xcdatamodeld */; };
		DADE2D12205B32E9009E94E7 /* Assets.xcassets in Resources */ = {isa = PBXBuildFile; fileRef = DADE2D11205B32E9009E94E7 /* Assets.xcassets */; };
		DADE2D15205B32E9009E94E7 /* LaunchScreen.storyboard in Resources */ = {isa = PBXBuildFile; fileRef = DADE2D13205B32E9009E94E7 /* LaunchScreen.storyboard */; };
/* End PBXBuildFile section */

/* Begin PBXFileReference section */
		DADE2D04205B32E9009E94E7 /* SimpleManchkinCounter.app */ = {isa = PBXFileReference; explicitFileType = wrapper.application; includeInIndex = 0; path = SimpleManchkinCounter.app; sourceTree = BUILT_PRODUCTS_DIR; };
		DADE2D07205B32E9009E94E7 /* AppDelegate.swift */ = {isa = PBXFileReference; lastKnownFileType = sourcecode.swift; path = AppDelegate.swift; sourceTree = "<group>"; };
		DADE2D09205B32E9009E94E7 /* ViewController.swift */ = {isa = PBXFileReference; lastKnownFileType = sourcecode.swift; path = ViewController.swift; sourceTree = "<group>"; };
		DADE2D0C205B32E9009E94E7 /* Base */ = {isa = PBXFileReference; lastKnownFileType = file.storyboard; name = Base; path = Base.lproj/Main.storyboard; sourceTree = "<group>"; };
		DADE2D0F205B32E9009E94E7 /* SimpleManchkinCounter.xcdatamodel */ = {isa = PBXFileReference; lastKnownFileType = wrapper.xcdatamodel; path = SimpleManchkinCounter.xcdatamodel; sourceTree = "<group>"; };
		DADE2D11205B32E9009E94E7 /* Assets.xcassets */ = {isa = PBXFileReference; lastKnownFileType = folder.assetcatalog; path = Assets.xcassets; sourceTree = "<group>"; };
		DADE2D14205B32E9009E94E7 /* Base */ = {isa = PBXFileReference; lastKnownFileType = file.storyboard; name = Base; path = Base.lproj/LaunchScreen.storyboard; sourceTree = "<group>"; };
		DADE2D16205B32E9009E94E7 /* Info.plist */ = {isa = PBXFileReference; lastKnownFileType = text.plist.xml; path = Info.plist; sourceTree = "<group>"; };
/* End PBXFileReference section */

/* Begin PBXFrameworksBuildPhase section */
		DADE2D01205B32E8009E94E7 /* Frameworks */ = {
			isa = PBXFrameworksBuildPhase;
			buildActionMask = 2147483647;
			files = (
			);
			runOnlyForDeploymentPostprocessing = 0;
		};
/* End PBXFrameworksBuildPhase section */

/* Begin PBXGroup section */
		DADE2CFB205B32E8009E94E7 = {
			isa = PBXGroup;
			children = (
				DADE2D06205B32E9009E94E7 /* SimpleManchkinCounter */,
				DADE2D05205B32E9009E94E7 /* Products */,
			);
			sourceTree = "<group>";
		};
		DADE2D05205B32E9009E94E7 /* Products */ = {
			isa = PBXGroup;
			children = (
				DADE2D04205B32E9009E94E7 /* SimpleManchkinCounter.app */,
			);
			name = Products;
			sourceTree = "<group>";
		};
		DADE2D06205B32E9009E94E7 /* SimpleManchkinCounter */ = {
			isa = PBXGroup;
			children = (
				DADE2D07205B32E9009E94E7 /* AppDelegate.swift */,
				DADE2D09205B32E9009E94E7 /* ViewController.swift */,
				DADE2D0B205B32E9009E94E7 /* Main.storyboard */,
				DADE2D11205B32E9009E94E7 /* Assets.xcassets */,
				DADE2D13205B32E9009E94E7 /* LaunchScreen.storyboard */,
				DADE2D16205B32E9009E94E7 /* Info.plist */,
				DADE2D0E205B32E9009E94E7 /* SimpleManchkinCounter.xcdatamodeld */,
			);
			path = SimpleManchkinCounter;
			sourceTree = "<group>";
		};
/* End PBXGroup section */

/* Begin PBXNativeTarget section */
		DADE2D03205B32E8009E94E7 /* SimpleManchkinCounter */ = {
			isa = PBXNativeTarget;
			buildConfigurationList = DADE2D19205B32E9009E94E7 /* Build configuration list for PBXNativeTarget "SimpleManchkinCounter" */;
			buildPhases = (
				DADE2D00205B32E8009E94E7 /* Sources */,
				DADE2D01205B32E8009E94E7 /* Frameworks */,
				DADE2D02205B32E8009E94E7 /* Resources */,
			);
			buildRules = (
			);
			dependencies = (
			);
			name = SimpleManchkinCounter;
			productName = SimpleManchkinCounter;
			productReference = DADE2D04205B32E9009E94E7 /* SimpleManchkinCounter.app */;
			productType = "com.apple.product-type.application";
		};
/* End PBXNativeTarget section */

/* Begin PBXProject section */
		DADE2CFC205B32E8009E94E7 /* Project object */ = {
			isa = PBXProject;
			attributes = {
				LastSwiftUpdateCheck = 0920;
				LastUpgradeCheck = 0920;
				ORGANIZATIONNAME = paul;
				TargetAttributes = {
					DADE2D03205B32E8009E94E7 = {
						CreatedOnToolsVersion = 9.2;
						ProvisioningStyle = Automatic;
					};
				};
			};
			buildConfigurationList = DADE2CFF205B32E8009E94E7 /* Build configuration list for PBXProject "SimpleManchkinCounter" */;
			compatibilityVersion = "Xcode 8.0";
			developmentRegion = en;
			hasScannedForEncodings = 0;
			knownRegions = (
				en,
				Base,
			);
			mainGroup = DADE2CFB205B32E8009E94E7;
			productRefGroup = DADE2D05205B32E9009E94E7 /* Products */;
			projectDirPath = "";
			projectRoot = "";
			targets = (
				DADE2D03205B32E8009E94E7 /* SimpleManchkinCounter */,
			);
		};
/* End PBXProject section */

/* Begin PBXResourcesBuildPhase section */
		DADE2D02205B32E8009E94E7 /* Resources */ = {
			isa = PBXResourcesBuildPhase;
			buildActionMask = 2147483647;
			files = (
				DADE2D15205B32E9009E94E7 /* LaunchScreen.storyboard in Resources */,
				DADE2D12205B32E9009E94E7 /* Assets.xcassets in Resources */,
				DADE2D0D205B32E9009E94E7 /* Main.storyboard in Resources */,
			);
			runOnlyForDeploymentPostprocessing = 0;
		};
/* End PBXResourcesBuildPhase section */

/* Begin PBXSourcesBuildPhase section */
		DADE2D00205B32E8009E94E7 /* Sources */ = {
			isa = PBXSourcesBuildPhase;
			buildActionMask = 2147483647;
			files = (
				DADE2D0A205B32E9009E94E7 /* ViewController.swift in Sources */,
				DADE2D08205B32E9009E94E7 /* AppDelegate.swift in Sources */,
				DADE2D10205B32E9009E94E7 /* SimpleManchkinCounter.xcdatamodeld in Sources */,
			);
			runOnlyForDeploymentPostprocessing = 0;
		};
/* End PBXSourcesBuildPhase section */

/* Begin PBXVariantGroup section */
		DADE2D0B205B32E9009E94E7 /* Main.storyboard */ = {
			isa = PBXVariantGroup;
			children = (
				DADE2D0C205B32E9009E94E7 /* Base */,
			);
			name = Main.storyboard;
			sourceTree = "<group>";
		};
		DADE2D13205B32E9009E94E7 /* LaunchScreen.storyboard */ = {
			isa = PBXVariantGroup;
			children = (
				DADE2D14205B32E9009E94E7 /* Base */,
			);
			name = LaunchScreen.storyboard;
			sourceTree = "<group>";
		};
/* End PBXVariantGroup section */

/* Begin XCBuildConfiguration section */
		DADE2D17205B32E9009E94E7 /* Debug */ = {
			isa = XCBuildConfiguration;
			buildSettings = {
				ALWAYS_SEARCH_USER_PATHS = NO;
				CLANG_ANALYZER_NONNULL = YES;
				CLANG_ANALYZER_NUMBER_OBJECT_CONVERSION = YES_AGGRESSIVE;
				CLANG_CXX_LANGUAGE_STANDARD = "gnu++14";
				CLANG_CXX_LIBRARY = "libc++";
				CLANG_ENABLE_MODULES = YES;
				CLANG_ENABLE_OBJC_ARC = YES;
				CLANG_WARN_BLOCK_CAPTURE_AUTORELEASING = YES;
				CLANG_WARN_BOOL_CONVERSION = YES;
				CLANG_WARN_COMMA = YES;
				CLANG_WARN_CONSTANT_CONVERSION = YES;
				CLANG_WARN_DIRECT_OBJC_ISA_USAGE = YES_ERROR;
				CLANG_WARN_DOCUMENTATION_COMMENTS = YES;
				CLANG_WARN_EMPTY_BODY = YES;
				CLANG_WARN_ENUM_CONVERSION = YES;
				CLANG_WARN_INFINITE_RECURSION = YES;
				CLANG_WARN_INT_CONVERSION = YES;
				CLANG_WARN_NON_LITERAL_NULL_CONVERSION = YES;
				CLANG_WARN_OBJC_LITERAL_CONVERSION = YES;
				CLANG_WARN_OBJC_ROOT_CLASS = YES_ERROR;
				CLANG_WARN_RANGE_LOOP_ANALYSIS = YES;
				CLANG_WARN_STRICT_PROTOTYPES = YES;
				CLANG_WARN_SUSPICIOUS_MOVE = YES;
				CLANG_WARN_UNGUARDED_AVAILABILITY = YES_AGGRESSIVE;
				CLANG_WARN_UNREACHABLE_CODE = YES;
				CLANG_WARN__DUPLICATE_METHOD_MATCH = YES;
				CODE_SIGN_IDENTITY = "iPhone Developer";
				COPY_PHASE_STRIP = NO;
				DEBUG_INFORMATION_FORMAT = dwarf;
				ENABLE_STRICT_OBJC_MSGSEND = YES;
				ENABLE_TESTABILITY = YES;
				GCC_C_LANGUAGE_STANDARD = gnu11;
				GCC_DYNAMIC_NO_PIC = NO;
				GCC_NO_COMMON_BLOCKS = YES;
				GCC_OPTIMIZATION_LEVEL = 0;
				GCC_PREPROCESSOR_DEFINITIONS = (
					"DEBUG=1",
					"$(inherited)",
				);
				GCC_WARN_64_TO_32_BIT_CONVERSION = YES;
				GCC_WARN_ABOUT_RETURN_TYPE = YES_ERROR;
				GCC_WARN_UNDECLARED_SELECTOR = YES;
				GCC_WARN_UNINITIALIZED_AUTOS = YES_AGGRESSIVE;
				GCC_WARN_UNUSED_FUNCTION = YES;
				GCC_WARN_UNUSED_VARIABLE = YES;
				IPHONEOS_DEPLOYMENT_TARGET = 11.2;
				MTL_ENABLE_DEBUG_INFO = YES;
				ONLY_ACTIVE_ARCH = YES;
				SDKROOT = iphoneos;
				SWIFT_ACTIVE_COMPILATION_CONDITIONS = DEBUG;
				SWIFT_OPTIMIZATION_LEVEL = "-Onone";
			};
			name = Debug;
		};
		DADE2D18205B32E9009E94E7 /* Release */ = {
			isa = XCBuildConfiguration;
			buildSettings = {
				ALWAYS_SEARCH_USER_PATHS = NO;
				CLANG_ANALYZER_NONNULL = YES;
				CLANG_ANALYZER_NUMBER_OBJECT_CONVERSION = YES_AGGRESSIVE;
				CLANG_CXX_LANGUAGE_STANDARD = "gnu++14";
				CLANG_CXX_LIBRARY = "libc++";
				CLANG_ENABLE_MODULES = YES;
				CLANG_ENABLE_OBJC_ARC = YES;
				CLANG_WARN_BLOCK_CAPTURE_AUTORELEASING = YES;
				CLANG_WARN_BOOL_CONVERSION = YES;
				CLANG_WARN_COMMA = YES;
				CLANG_WARN_CONSTANT_CONVERSION = YES;
				CLANG_WARN_DIRECT_OBJC_ISA_USAGE = YES_ERROR;
				CLANG_WARN_DOCUMENTATION_COMMENTS = YES;
				CLANG_WARN_EMPTY_BODY = YES;
				CLANG_WARN_ENUM_CONVERSION = YES;
				CLANG_WARN_INFINITE_RECURSION = YES;
				CLANG_WARN_INT_CONVERSION = YES;
				CLANG_WARN_NON_LITERAL_NULL_CONVERSION = YES;
				CLANG_WARN_OBJC_LITERAL_CONVERSION = YES;
				CLANG_WARN_OBJC_ROOT_CLASS = YES_ERROR;
				CLANG_WARN_RANGE_LOOP_ANALYSIS = YES;
				CLANG_WARN_STRICT_PROTOTYPES = YES;
				CLANG_WARN_SUSPICIOUS_MOVE = YES;
				CLANG_WARN_UNGUARDED_AVAILABILITY = YES_AGGRESSIVE;
				CLANG_WARN_UNREACHABLE_CODE = YES;
				CLANG_WARN__DUPLICATE_METHOD_MATCH = YES;
				CODE_SIGN_IDENTITY = "iPhone Developer";
				COPY_PHASE_STRIP = NO;
				DEBUG_INFORMATION_FORMAT = "dwarf-with-dsym";
				ENABLE_NS_ASSERTIONS = NO;
				ENABLE_STRICT_OBJC_MSGSEND = YES;
				GCC_C_LANGUAGE_STANDARD = gnu11;
				GCC_NO_COMMON_BLOCKS = YES;
				GCC_WARN_64_TO_32_BIT_CONVERSION = YES;
				GCC_WARN_ABOUT_RETURN_TYPE = YES_ERROR;
				GCC_WARN_UNDECLARED_SELECTOR = YES;
				GCC_WARN_UNINITIALIZED_AUTOS = YES_AGGRESSIVE;
				GCC_WARN_UNUSED_FUNCTION = YES;
				GCC_WARN_UNUSED_VARIABLE = YES;
				IPHONEOS_DEPLOYMENT_TARGET = 11.2;
				MTL_ENABLE_DEBUG_INFO = NO;
				SDKROOT = iphoneos;
				SWIFT_OPTIMIZATION_LEVEL = "-Owholemodule";
				VALIDATE_PRODUCT = YES;
			};
			name = Release;
		};
		DADE2D1A205B32E9009E94E7 /* Debug */ = {
			isa = XCBuildConfiguration;
			buildSettings = {
				ASSETCATALOG_COMPILER_APPICON_NAME = AppIcon;
				CODE_SIGN_STYLE = Automatic;
				DEVELOPMENT_TEAM = LPC54S35J9;
				INFOPLIST_FILE = SimpleManchkinCounter/Info.plist;
				LD_RUNPATH_SEARCH_PATHS = "$(inherited) @executable_path/Frameworks";
				PRODUCT_BUNDLE_IDENTIFIER = paul.SimpleManchkinCounter;
				PRODUCT_NAME = "$(TARGET_NAME)";
				SWIFT_VERSION = 4.0;
				TARGETED_DEVICE_FAMILY = "1,2";
			};
			name = Debug;
		};
		DADE2D1B205B32E9009E94E7 /* Release */ = {
			isa = XCBuildConfiguration;
			buildSettings = {
				ASSETCATALOG_COMPILER_APPICON_NAME = AppIcon;
				CODE_SIGN_STYLE = Automatic;
				DEVELOPMENT_TEAM = LPC54S35J9;
				INFOPLIST_FILE = SimpleManchkinCounter/Info.plist;
				LD_RUNPATH_SEARCH_PATHS = "$(inherited) @executable_path/Frameworks";
				PRODUCT_BUNDLE_IDENTIFIER = paul.SimpleManchkinCounter;
				PRODUCT_NAME = "$(TARGET_NAME)";
				SWIFT_VERSION = 4.0;
				TARGETED_DEVICE_FAMILY = "1,2";
			};
			name = Release;
		};
/* End XCBuildConfiguration section */

/* Begin XCConfigurationList section */
		DADE2CFF205B32E8009E94E7 /* Build configuration list for PBXProject "SimpleManchkinCounter" */ = {
			isa = XCConfigurationList;
			buildConfigurations = (
				DADE2D17205B32E9009E94E7 /* Debug */,
				DADE2D18205B32E9009E94E7 /* Release */,
			);
			defaultConfigurationIsVisible = 0;
			defaultConfigurationName = Release;
		};
		DADE2D19205B32E9009E94E7 /* Build configuration list for PBXNativeTarget "SimpleManchkinCounter" */ = {
			isa = XCConfigurationList;
			buildConfigurations = (
				DADE2D1A205B32E9009E94E7 /* Debug */,
				DADE2D1B205B32E9009E94E7 /* Release */,
			);
			defaultConfigurationIsVisible = 0;
			defaultConfigurationName = Release;
		};
/* End XCConfigurationList section */

/* Begin XCVersionGroup section */
		DADE2D0E205B32E9009E94E7 /* SimpleManchkinCounter.xcdatamodeld */ = {
			isa = XCVersionGroup;
			children = (
				DADE2D0F205B32E9009E94E7 /* SimpleManchkinCounter.xcdatamodel */,
			);
			currentVersion = DADE2D0F205B32E9009E94E7 /* SimpleManchkinCounter.xcdatamodel */;
			path = SimpleManchkinCounter.xcdatamodeld;
			sourceTree = "<group>";
			versionGroupType = wrapper.xcdatamodel;
		};
/* End XCVersionGroup section */
	};
	rootObject = DADE2CFC205B32E8009E94E7 /* Project object */;
}
